
Microsoft Visual Studio Solution File, Format Version 12.00
# Visual Studio Version 17
VisualStudioVersion = 17.14.36915.13 d17.14
MinimumVisualStudioVersion = 10.0.40219.1
Project("{FAE04EC0-301F-11D3-BF4B-00C04F79EFBC}") = "ConsoleApp1", "ConsoleApp1.csproj", "{119C3CB5-EFC7-43BC-B521-2513E5F1F001}"
EndProject
Global
	GlobalSection(SolutionConfigurationPlatforms) = preSolution
		Debug|Any CPU = Debug|Any CPU
		Release|Any CPU = Release|Any CPU
	EndGlobalSection
	GlobalSection(ProjectConfigurationPlatforms) = postSolution
		{119C3CB5-EFC7-43BC-B521-2513E5F1F001}.Debug|Any CPU.ActiveCfg = Debug|Any CPU
		{119C3CB5-EFC7-43BC-B521-2513E5F1F001}.Debug|Any CPU.Build.0 = Debug|Any CPU
		{119C3CB5-EFC7-43BC-B521-2513E5F1F001}.Release|Any CPU.ActiveCfg = Release|Any CPU
		{119C3CB5-EFC7-43BC-B521-2513E5F1F001}.Release|Any CPU.Build.0 = Release|Any CPU
	EndGlobalSection
	GlobalSection(SolutionProperties) = preSolution
		HideSolutionNode = FALSE
	EndGlobalSection
	GlobalSection(ExtensibilityGlobals) = postSolution
		SolutionGuid = {8B4ED70F-D822-40E3-9D5A-AFB54116EA27}
	EndGlobalSection
EndGlobal
