
Microsoft Visual Studio Solution File, Format Version 12.00
# Visual Studio Version 17
VisualStudioVersion = 17.14.36915.13 d17.14
MinimumVisualStudioVersion = 10.0.40219.1
Project("{FAE04EC0-301F-11D3-BF4B-00C04F79EFBC}") = "Theatre Square", "Theatre Square.csproj", "{F22BD9C9-9D92-4BC5-9B73-FD042E179B38}"
EndProject
Global
	GlobalSection(SolutionConfigurationPlatforms) = preSolution
		Debug|Any CPU = Debug|Any CPU
		Release|Any CPU = Release|Any CPU
	EndGlobalSection
	GlobalSection(ProjectConfigurationPlatforms) = postSolution
		{F22BD9C9-9D92-4BC5-9B73-FD042E179B38}.Debug|Any CPU.ActiveCfg = Debug|Any CPU
		{F22BD9C9-9D92-4BC5-9B73-FD042E179B38}.Debug|Any CPU.Build.0 = Debug|Any CPU
		{F22BD9C9-9D92-4BC5-9B73-FD042E179B38}.Release|Any CPU.ActiveCfg = Release|Any CPU
		{F22BD9C9-9D92-4BC5-9B73-FD042E179B38}.Release|Any CPU.Build.0 = Release|Any CPU
	EndGlobalSection
	GlobalSection(SolutionProperties) = preSolution
		HideSolutionNode = FALSE
	EndGlobalSection
	GlobalSection(ExtensibilityGlobals) = postSolution
		SolutionGuid = {D7FA2AE1-C4AA-4545-A253-46107A3CC2FD}
	EndGlobalSection
EndGlobal
